
Microsoft Visual Studio Solution File, Format Version 12.00
# Visual Studio Version 16
VisualStudioVersion = 16.0.30104.148
MinimumVisualStudioVersion = 10.0.40219.1
Project("{FAE04EC0-301F-11D3-BF4B-00C04F79EFBC}") = "ProjectPhoneManagement_Buu", "ProjectPhoneManagement_Buu\ProjectPhoneManagement_Buu.csproj", "{B8A6080B-4A9A-4886-8AB4-43F85B4138C1}"
EndProject
Project("{2150E333-8FDC-42A3-9474-1A3956D46DE8}") = "Solution Items", "Solution Items", "{4DA127F6-33D0-49C0-81C4-B44603140A73}"
	ProjectSection(SolutionItems) = preProject
		.editorconfig = .editorconfig
	EndProjectSection
EndProject
Global
	GlobalSection(SolutionConfigurationPlatforms) = preSolution
		Debug|Any CPU = Debug|Any CPU
		Release|Any CPU = Release|Any CPU
	EndGlobalSection
	GlobalSection(ProjectConfigurationPlatforms) = postSolution
		{B8A6080B-4A9A-4886-8AB4-43F85B4138C1}.Debug|Any CPU.ActiveCfg = Debug|Any CPU
		{B8A6080B-4A9A-4886-8AB4-43F85B4138C1}.Debug|Any CPU.Build.0 = Debug|Any CPU
		{B8A6080B-4A9A-4886-8AB4-43F85B4138C1}.Release|Any CPU.ActiveCfg = Release|Any CPU
		{B8A6080B-4A9A-4886-8AB4-43F85B4138C1}.Release|Any CPU.Build.0 = Release|Any CPU
	EndGlobalSection
	GlobalSection(SolutionProperties) = preSolution
		HideSolutionNode = FALSE
	EndGlobalSection
	GlobalSection(ExtensibilityGlobals) = postSolution
		SolutionGuid = {7688E134-6641-40E7-BE6D-027E96B44EC7}
	EndGlobalSection
EndGlobal
